// !$*UTF8*$!
{
	archiveVersion = 1;
	classes = {
	};
	objectVersion = 56;
	objects = {

/* Begin PBXBuildFile section */
		5D006C2C2C686C39003D1841 /* Extension.swift in Sources */ = {isa = PBXBuildFile; fileRef = 5D006C2B2C686C39003D1841 /* Extension.swift */; };
		5D006C322C688109003D1841 /* AddTripViewController.swift in Sources */ = {isa = PBXBuildFile; fileRef = 5D006C312C688109003D1841 /* AddTripViewController.swift */; };
		5D006C352C688520003D1841 /* TripListViewController.swift in Sources */ = {isa = PBXBuildFile; fileRef = 5D006C342C688520003D1841 /* TripListViewController.swift */; };
		5D109A152C693F9B00AD9F3D /* SelectLocationViewController.swift in Sources */ = {isa = PBXBuildFile; fileRef = 5D109A142C693F9B00AD9F3D /* SelectLocationViewController.swift */; };
		5D109A182C69405300AD9F3D /* LocationManager.swift in Sources */ = {isa = PBXBuildFile; fileRef = 5D109A172C69405300AD9F3D /* LocationManager.swift */; };
		5D109A1C2C69412100AD9F3D /* TripDatabase.xcdatamodeld in Sources */ = {isa = PBXBuildFile; fileRef = 5D109A1A2C69412100AD9F3D /* TripDatabase.xcdatamodeld */; };
		5D109A1E2C69415C00AD9F3D /* DBHelper.swift in Sources */ = {isa = PBXBuildFile; fileRef = 5D109A1D2C69415C00AD9F3D /* DBHelper.swift */; };
		5D109A212C6956F500AD9F3D /* LocationSearchTVC.swift in Sources */ = {isa = PBXBuildFile; fileRef = 5D109A1F2C6956F500AD9F3D /* LocationSearchTVC.swift */; };
		5D109A222C6956F500AD9F3D /* LocationSearchTVC.xib in Resources */ = {isa = PBXBuildFile; fileRef = 5D109A202C6956F500AD9F3D /* LocationSearchTVC.xib */; };
		5D4C063D2C6865B100D840FE /* AppDelegate.swift in Sources */ = {isa = PBXBuildFile; fileRef = 5D4C063C2C6865B100D840FE /* AppDelegate.swift */; };
		5D4C063F2C6865B100D840FE /* SceneDelegate.swift in Sources */ = {isa = PBXBuildFile; fileRef = 5D4C063E2C6865B100D840FE /* SceneDelegate.swift */; };
		5D4C06442C6865B100D840FE /* Main.storyboard in Resources */ = {isa = PBXBuildFile; fileRef = 5D4C06422C6865B100D840FE /* Main.storyboard */; };
		5D4C06462C6865B200D840FE /* Assets.xcassets in Resources */ = {isa = PBXBuildFile; fileRef = 5D4C06452C6865B200D840FE /* Assets.xcassets */; };
		5D4C06492C6865B200D840FE /* LaunchScreen.storyboard in Resources */ = {isa = PBXBuildFile; fileRef = 5D4C06472C6865B200D840FE /* LaunchScreen.storyboard */; };
		5D4C06522C6865D600D840FE /* HomeViewController.swift in Sources */ = {isa = PBXBuildFile; fileRef = 5D4C06512C6865D600D840FE /* HomeViewController.swift */; };
		5D4C06542C6866EC00D840FE /* Color.xcassets in Resources */ = {isa = PBXBuildFile; fileRef = 5D4C06532C6866EC00D840FE /* Color.xcassets */; };
		5D74060A2C7049700047822A /* SuggestedCVC.swift in Sources */ = {isa = PBXBuildFile; fileRef = 5D7406082C7049700047822A /* SuggestedCVC.swift */; };
		5D74060B2C7049700047822A /* SuggestedCVC.xib in Resources */ = {isa = PBXBuildFile; fileRef = 5D7406092C7049700047822A /* SuggestedCVC.xib */; };
		5D74060E2C704D6D0047822A /* UpcomingTripCVC.swift in Sources */ = {isa = PBXBuildFile; fileRef = 5D74060C2C704D6D0047822A /* UpcomingTripCVC.swift */; };
		5D74060F2C704D6D0047822A /* UpcomingTripCVC.xib in Resources */ = {isa = PBXBuildFile; fileRef = 5D74060D2C704D6D0047822A /* UpcomingTripCVC.xib */; };
		5D7406122C704FBC0047822A /* RecentCVC.swift in Sources */ = {isa = PBXBuildFile; fileRef = 5D7406102C704FBC0047822A /* RecentCVC.swift */; };
		5D7406132C704FBC0047822A /* RecentCVC.xib in Resources */ = {isa = PBXBuildFile; fileRef = 5D7406112C704FBC0047822A /* RecentCVC.xib */; };
		5D7406162C7065CA0047822A /* TripListTCV.swift in Sources */ = {isa = PBXBuildFile; fileRef = 5D7406142C7065CA0047822A /* TripListTCV.swift */; };
		5D7406172C7065CA0047822A /* TripListTCV.xib in Resources */ = {isa = PBXBuildFile; fileRef = 5D7406152C7065CA0047822A /* TripListTCV.xib */; };
		5D74061A2C70753F0047822A /* TripDetailVC.swift in Sources */ = {isa = PBXBuildFile; fileRef = 5D7406192C70753F0047822A /* TripDetailVC.swift */; };
		5D74061D2C7077500047822A /* ManageExpensesVC.swift in Sources */ = {isa = PBXBuildFile; fileRef = 5D74061C2C7077500047822A /* ManageExpensesVC.swift */; };
		5D7406202C70795C0047822A /* WeatherServices.swift in Sources */ = {isa = PBXBuildFile; fileRef = 5D74061F2C70795C0047822A /* WeatherServices.swift */; };
		5D7406222C7079850047822A /* WeatherModel.swift in Sources */ = {isa = PBXBuildFile; fileRef = 5D7406212C7079850047822A /* WeatherModel.swift */; };
/* End PBXBuildFile section */

/* Begin PBXFileReference section */
		5D006C2B2C686C39003D1841 /* Extension.swift */ = {isa = PBXFileReference; lastKnownFileType = sourcecode.swift; path = Extension.swift; sourceTree = "<group>"; };
		5D006C312C688109003D1841 /* AddTripViewController.swift */ = {isa = PBXFileReference; lastKnownFileType = sourcecode.swift; path = AddTripViewController.swift; sourceTree = "<group>"; };
		5D006C342C688520003D1841 /* TripListViewController.swift */ = {isa = PBXFileReference; lastKnownFileType = sourcecode.swift; path = TripListViewController.swift; sourceTree = "<group>"; };
		5D109A142C693F9B00AD9F3D /* SelectLocationViewController.swift */ = {isa = PBXFileReference; lastKnownFileType = sourcecode.swift; path = SelectLocationViewController.swift; sourceTree = "<group>"; };
		5D109A172C69405300AD9F3D /* LocationManager.swift */ = {isa = PBXFileReference; lastKnownFileType = sourcecode.swift; path = LocationManager.swift; sourceTree = "<group>"; };
		5D109A1B2C69412100AD9F3D /* TripDatabase.xcdatamodel */ = {isa = PBXFileReference; lastKnownFileType = wrapper.xcdatamodel; path = TripDatabase.xcdatamodel; sourceTree = "<group>"; };
		5D109A1D2C69415C00AD9F3D /* DBHelper.swift */ = {isa = PBXFileReference; lastKnownFileType = sourcecode.swift; path = DBHelper.swift; sourceTree = "<group>"; };
		5D109A1F2C6956F500AD9F3D /* LocationSearchTVC.swift */ = {isa = PBXFileReference; lastKnownFileType = sourcecode.swift; path = LocationSearchTVC.swift; sourceTree = "<group>"; };
		5D109A202C6956F500AD9F3D /* LocationSearchTVC.xib */ = {isa = PBXFileReference; lastKnownFileType = file.xib; path = LocationSearchTVC.xib; sourceTree = "<group>"; };
		5D4C06392C6865B100D840FE /* Final_Project.app */ = {isa = PBXFileReference; explicitFileType = wrapper.application; includeInIndex = 0; path = Final_Project.app; sourceTree = BUILT_PRODUCTS_DIR; };
		5D4C063C2C6865B100D840FE /* AppDelegate.swift */ = {isa = PBXFileReference; lastKnownFileType = sourcecode.swift; path = AppDelegate.swift; sourceTree = "<group>"; };
		5D4C063E2C6865B100D840FE /* SceneDelegate.swift */ = {isa = PBXFileReference; lastKnownFileType = sourcecode.swift; path = SceneDelegate.swift; sourceTree = "<group>"; };
		5D4C06432C6865B100D840FE /* Base */ = {isa = PBXFileReference; lastKnownFileType = file.storyboard; name = Base; path = Base.lproj/Main.storyboard; sourceTree = "<group>"; };
		5D4C06452C6865B200D840FE /* Assets.xcassets */ = {isa = PBXFileReference; lastKnownFileType = folder.assetcatalog; path = Assets.xcassets; sourceTree = "<group>"; };
		5D4C06482C6865B200D840FE /* Base */ = {isa = PBXFileReference; lastKnownFileType = file.storyboard; name = Base; path = Base.lproj/LaunchScreen.storyboard; sourceTree = "<group>"; };
		5D4C064A2C6865B200D840FE /* Info.plist */ = {isa = PBXFileReference; lastKnownFileType = text.plist.xml; path = Info.plist; sourceTree = "<group>"; };
		5D4C06512C6865D600D840FE /* HomeViewController.swift */ = {isa = PBXFileReference; lastKnownFileType = sourcecode.swift; path = HomeViewController.swift; sourceTree = "<group>"; };
		5D4C06532C6866EC00D840FE /* Color.xcassets */ = {isa = PBXFileReference; lastKnownFileType = folder.assetcatalog; path = Color.xcassets; sourceTree = "<group>"; };
		5D7406082C7049700047822A /* SuggestedCVC.swift */ = {isa = PBXFileReference; lastKnownFileType = sourcecode.swift; path = SuggestedCVC.swift; sourceTree = "<group>"; };
		5D7406092C7049700047822A /* SuggestedCVC.xib */ = {isa = PBXFileReference; lastKnownFileType = file.xib; path = SuggestedCVC.xib; sourceTree = "<group>"; };
		5D74060C2C704D6D0047822A /* UpcomingTripCVC.swift */ = {isa = PBXFileReference; lastKnownFileType = sourcecode.swift; path = UpcomingTripCVC.swift; sourceTree = "<group>"; };
		5D74060D2C704D6D0047822A /* UpcomingTripCVC.xib */ = {isa = PBXFileReference; lastKnownFileType = file.xib; path = UpcomingTripCVC.xib; sourceTree = "<group>"; };
		5D7406102C704FBC0047822A /* RecentCVC.swift */ = {isa = PBXFileReference; lastKnownFileType = sourcecode.swift; path = RecentCVC.swift; sourceTree = "<group>"; };
		5D7406112C704FBC0047822A /* RecentCVC.xib */ = {isa = PBXFileReference; lastKnownFileType = file.xib; path = RecentCVC.xib; sourceTree = "<group>"; };
		5D7406142C7065CA0047822A /* TripListTCV.swift */ = {isa = PBXFileReference; lastKnownFileType = sourcecode.swift; path = TripListTCV.swift; sourceTree = "<group>"; };
		5D7406152C7065CA0047822A /* TripListTCV.xib */ = {isa = PBXFileReference; lastKnownFileType = file.xib; path = TripListTCV.xib; sourceTree = "<group>"; };
		5D7406192C70753F0047822A /* TripDetailVC.swift */ = {isa = PBXFileReference; lastKnownFileType = sourcecode.swift; path = TripDetailVC.swift; sourceTree = "<group>"; };
		5D74061C2C7077500047822A /* ManageExpensesVC.swift */ = {isa = PBXFileReference; lastKnownFileType = sourcecode.swift; path = ManageExpensesVC.swift; sourceTree = "<group>"; };
		5D74061F2C70795C0047822A /* WeatherServices.swift */ = {isa = PBXFileReference; lastKnownFileType = sourcecode.swift; path = WeatherServices.swift; sourceTree = "<group>"; };
		5D7406212C7079850047822A /* WeatherModel.swift */ = {isa = PBXFileReference; lastKnownFileType = sourcecode.swift; path = WeatherModel.swift; sourceTree = "<group>"; };
/* End PBXFileReference section */

/* Begin PBXFrameworksBuildPhase section */
		5D4C06362C6865B100D840FE /* Frameworks */ = {
			isa = PBXFrameworksBuildPhase;
			buildActionMask = 2147483647;
			files = (
			);
			runOnlyForDeploymentPostprocessing = 0;
		};
/* End PBXFrameworksBuildPhase section */

/* Begin PBXGroup section */
		5D006C302C687E20003D1841 /* AddTrip */ = {
			isa = PBXGroup;
			children = (
				5D006C312C688109003D1841 /* AddTripViewController.swift */,
			);
			path = AddTrip;
			sourceTree = "<group>";
		};
		5D006C332C688512003D1841 /* TripList */ = {
			isa = PBXGroup;
			children = (
				5D006C342C688520003D1841 /* TripListViewController.swift */,
				5D7406142C7065CA0047822A /* TripListTCV.swift */,
				5D7406152C7065CA0047822A /* TripListTCV.xib */,
			);
			path = TripList;
			sourceTree = "<group>";
		};
		5D109A132C693F8800AD9F3D /* SelectLocation */ = {
			isa = PBXGroup;
			children = (
				5D109A142C693F9B00AD9F3D /* SelectLocationViewController.swift */,
				5D109A1F2C6956F500AD9F3D /* LocationSearchTVC.swift */,
				5D109A202C6956F500AD9F3D /* LocationSearchTVC.xib */,
			);
			path = SelectLocation;
			sourceTree = "<group>";
		};
		5D109A162C69404500AD9F3D /* Utility */ = {
			isa = PBXGroup;
			children = (
				5D74061E2C7079400047822A /* Services */,
				5D109A172C69405300AD9F3D /* LocationManager.swift */,
				5D109A1D2C69415C00AD9F3D /* DBHelper.swift */,
				5D006C2B2C686C39003D1841 /* Extension.swift */,
			);
			path = Utility;
			sourceTree = "<group>";
		};
		5D109A192C69410200AD9F3D /* DataBase */ = {
			isa = PBXGroup;
			children = (
				5D109A1A2C69412100AD9F3D /* TripDatabase.xcdatamodeld */,
			);
			path = DataBase;
			sourceTree = "<group>";
		};
		5D4C06302C6865B100D840FE = {
			isa = PBXGroup;
			children = (
				5D4C063B2C6865B100D840FE /* Final_Project */,
				5D4C063A2C6865B100D840FE /* Products */,
			);
			sourceTree = "<group>";
		};
		5D4C063A2C6865B100D840FE /* Products */ = {
			isa = PBXGroup;
			children = (
				5D4C06392C6865B100D840FE /* Final_Project.app */,
			);
			name = Products;
			sourceTree = "<group>";
		};
		5D4C063B2C6865B100D840FE /* Final_Project */ = {
			isa = PBXGroup;
			children = (
				5D109A192C69410200AD9F3D /* DataBase */,
				5D109A162C69404500AD9F3D /* Utility */,
				5D109A132C693F8800AD9F3D /* SelectLocation */,
				5D006C332C688512003D1841 /* TripList */,
				5D74061B2C7077380047822A /* ManageExpenses */,
				5D7406182C7075270047822A /* TripDetail */,
				5D006C302C687E20003D1841 /* AddTrip */,
				5D4C06502C6865C800D840FE /* Home */,
				5D4C063C2C6865B100D840FE /* AppDelegate.swift */,
				5D4C063E2C6865B100D840FE /* SceneDelegate.swift */,
				5D4C06422C6865B100D840FE /* Main.storyboard */,
				5D4C06452C6865B200D840FE /* Assets.xcassets */,
				5D4C06472C6865B200D840FE /* LaunchScreen.storyboard */,
				5D4C064A2C6865B200D840FE /* Info.plist */,
				5D4C06532C6866EC00D840FE /* Color.xcassets */,
			);
			path = Final_Project;
			sourceTree = "<group>";
		};
		5D4C06502C6865C800D840FE /* Home */ = {
			isa = PBXGroup;
			children = (
				5D7406072C7049510047822A /* CollectionCells */,
				5D4C06512C6865D600D840FE /* HomeViewController.swift */,
			);
			path = Home;
			sourceTree = "<group>";
		};
		5D7406072C7049510047822A /* CollectionCells */ = {
			isa = PBXGroup;
			children = (
				5D7406082C7049700047822A /* SuggestedCVC.swift */,
				5D7406092C7049700047822A /* SuggestedCVC.xib */,
				5D74060C2C704D6D0047822A /* UpcomingTripCVC.swift */,
				5D74060D2C704D6D0047822A /* UpcomingTripCVC.xib */,
				5D7406102C704FBC0047822A /* RecentCVC.swift */,
				5D7406112C704FBC0047822A /* RecentCVC.xib */,
			);
			path = CollectionCells;
			sourceTree = "<group>";
		};
		5D7406182C7075270047822A /* TripDetail */ = {
			isa = PBXGroup;
			children = (
				5D7406192C70753F0047822A /* TripDetailVC.swift */,
			);
			path = TripDetail;
			sourceTree = "<group>";
		};
		5D74061B2C7077380047822A /* ManageExpenses */ = {
			isa = PBXGroup;
			children = (
				5D74061C2C7077500047822A /* ManageExpensesVC.swift */,
			);
			path = ManageExpenses;
			sourceTree = "<group>";
		};
		5D74061E2C7079400047822A /* Services */ = {
			isa = PBXGroup;
			children = (
				5D74061F2C70795C0047822A /* WeatherServices.swift */,
				5D7406212C7079850047822A /* WeatherModel.swift */,
			);
			path = Services;
			sourceTree = "<group>";
		};
/* End PBXGroup section */

/* Begin PBXNativeTarget section */
		5D4C06382C6865B100D840FE /* Final_Project */ = {
			isa = PBXNativeTarget;
			buildConfigurationList = 5D4C064D2C6865B200D840FE /* Build configuration list for PBXNativeTarget "Final_Project" */;
			buildPhases = (
				5D4C06352C6865B100D840FE /* Sources */,
				5D4C06362C6865B100D840FE /* Frameworks */,
				5D4C06372C6865B100D840FE /* Resources */,
			);
			buildRules = (
			);
			dependencies = (
			);
			name = Final_Project;
			packageProductDependencies = (
			);
			productName = Final_Project;
			productReference = 5D4C06392C6865B100D840FE /* Final_Project.app */;
			productType = "com.apple.product-type.application";
		};
/* End PBXNativeTarget section */

/* Begin PBXProject section */
		5D4C06312C6865B100D840FE /* Project object */ = {
			isa = PBXProject;
			attributes = {
				BuildIndependentTargetsInParallel = 1;
				LastSwiftUpdateCheck = 1520;
				LastUpgradeCheck = 1520;
				TargetAttributes = {
					5D4C06382C6865B100D840FE = {
						CreatedOnToolsVersion = 15.2;
					};
				};
			};
			buildConfigurationList = 5D4C06342C6865B100D840FE /* Build configuration list for PBXProject "Final_Project" */;
			compatibilityVersion = "Xcode 14.0";
			developmentRegion = en;
			hasScannedForEncodings = 0;
			knownRegions = (
				en,
				Base,
			);
			mainGroup = 5D4C06302C6865B100D840FE;
			packageReferences = (
			);
			productRefGroup = 5D4C063A2C6865B100D840FE /* Products */;
			projectDirPath = "";
			projectRoot = "";
			targets = (
				5D4C06382C6865B100D840FE /* Final_Project */,
			);
		};
/* End PBXProject section */

/* Begin PBXResourcesBuildPhase section */
		5D4C06372C6865B100D840FE /* Resources */ = {
			isa = PBXResourcesBuildPhase;
			buildActionMask = 2147483647;
			files = (
				5D74060F2C704D6D0047822A /* UpcomingTripCVC.xib in Resources */,
				5D109A222C6956F500AD9F3D /* LocationSearchTVC.xib in Resources */,
				5D4C06492C6865B200D840FE /* LaunchScreen.storyboard in Resources */,
				5D7406172C7065CA0047822A /* TripListTCV.xib in Resources */,
				5D7406132C704FBC0047822A /* RecentCVC.xib in Resources */,
				5D4C06542C6866EC00D840FE /* Color.xcassets in Resources */,
				5D4C06462C6865B200D840FE /* Assets.xcassets in Resources */,
				5D74060B2C7049700047822A /* SuggestedCVC.xib in Resources */,
				5D4C06442C6865B100D840FE /* Main.storyboard in Resources */,
			);
			runOnlyForDeploymentPostprocessing = 0;
		};
/* End PBXResourcesBuildPhase section */

/* Begin PBXSourcesBuildPhase section */
		5D4C06352C6865B100D840FE /* Sources */ = {
			isa = PBXSourcesBuildPhase;
			buildActionMask = 2147483647;
			files = (
				5D109A152C693F9B00AD9F3D /* SelectLocationViewController.swift in Sources */,
				5D006C322C688109003D1841 /* AddTripViewController.swift in Sources */,
				5D74060A2C7049700047822A /* SuggestedCVC.swift in Sources */,
				5D109A1C2C69412100AD9F3D /* TripDatabase.xcdatamodeld in Sources */,
				5D7406162C7065CA0047822A /* TripListTCV.swift in Sources */,
				5D4C063D2C6865B100D840FE /* AppDelegate.swift in Sources */,
				5D109A212C6956F500AD9F3D /* LocationSearchTVC.swift in Sources */,
				5D4C063F2C6865B100D840FE /* SceneDelegate.swift in Sources */,
				5D74061A2C70753F0047822A /* TripDetailVC.swift in Sources */,
				5D109A182C69405300AD9F3D /* LocationManager.swift in Sources */,
				5D7406122C704FBC0047822A /* RecentCVC.swift in Sources */,
				5D7406222C7079850047822A /* WeatherModel.swift in Sources */,
				5D006C352C688520003D1841 /* TripListViewController.swift in Sources */,
				5D7406202C70795C0047822A /* WeatherServices.swift in Sources */,
				5D74061D2C7077500047822A /* ManageExpensesVC.swift in Sources */,
				5D109A1E2C69415C00AD9F3D /* DBHelper.swift in Sources */,
				5D74060E2C704D6D0047822A /* UpcomingTripCVC.swift in Sources */,
				5D006C2C2C686C39003D1841 /* Extension.swift in Sources */,
				5D4C06522C6865D600D840FE /* HomeViewController.swift in Sources */,
			);
			runOnlyForDeploymentPostprocessing = 0;
		};
/* End PBXSourcesBuildPhase section */

/* Begin PBXVariantGroup section */
		5D4C06422C6865B100D840FE /* Main.storyboard */ = {
			isa = PBXVariantGroup;
			children = (
				5D4C06432C6865B100D840FE /* Base */,
			);
			name = Main.storyboard;
			sourceTree = "<group>";
		};
		5D4C06472C6865B200D840FE /* LaunchScreen.storyboard */ = {
			isa = PBXVariantGroup;
			children = (
				5D4C06482C6865B200D840FE /* Base */,
			);
			name = LaunchScreen.storyboard;
			sourceTree = "<group>";
		};
/* End PBXVariantGroup section */

/* Begin XCBuildConfiguration section */
		5D4C064B2C6865B200D840FE /* Debug */ = {
			isa = XCBuildConfiguration;
			buildSettings = {
				ALWAYS_SEARCH_USER_PATHS = NO;
				ASSETCATALOG_COMPILER_GENERATE_SWIFT_ASSET_SYMBOL_EXTENSIONS = YES;
				CLANG_ANALYZER_NONNULL = YES;
				CLANG_ANALYZER_NUMBER_OBJECT_CONVERSION = YES_AGGRESSIVE;
				CLANG_CXX_LANGUAGE_STANDARD = "gnu++20";
				CLANG_ENABLE_MODULES = YES;
				CLANG_ENABLE_OBJC_ARC = YES;
				CLANG_ENABLE_OBJC_WEAK = YES;
				CLANG_WARN_BLOCK_CAPTURE_AUTORELEASING = YES;
				CLANG_WARN_BOOL_CONVERSION = YES;
				CLANG_WARN_COMMA = YES;
				CLANG_WARN_CONSTANT_CONVERSION = YES;
				CLANG_WARN_DEPRECATED_OBJC_IMPLEMENTATIONS = YES;
				CLANG_WARN_DIRECT_OBJC_ISA_USAGE = YES_ERROR;
				CLANG_WARN_DOCUMENTATION_COMMENTS = YES;
				CLANG_WARN_EMPTY_BODY = YES;
				CLANG_WARN_ENUM_CONVERSION = YES;
				CLANG_WARN_INFINITE_RECURSION = YES;
				CLANG_WARN_INT_CONVERSION = YES;
				CLANG_WARN_NON_LITERAL_NULL_CONVERSION = YES;
				CLANG_WARN_OBJC_IMPLICIT_RETAIN_SELF = YES;
				CLANG_WARN_OBJC_LITERAL_CONVERSION = YES;
				CLANG_WARN_OBJC_ROOT_CLASS = YES_ERROR;
				CLANG_WARN_QUOTED_INCLUDE_IN_FRAMEWORK_HEADER = YES;
				CLANG_WARN_RANGE_LOOP_ANALYSIS = YES;
				CLANG_WARN_STRICT_PROTOTYPES = YES;
				CLANG_WARN_SUSPICIOUS_MOVE = YES;
				CLANG_WARN_UNGUARDED_AVAILABILITY = YES_AGGRESSIVE;
				CLANG_WARN_UNREACHABLE_CODE = YES;
				CLANG_WARN__DUPLICATE_METHOD_MATCH = YES;
				COPY_PHASE_STRIP = NO;
				DEBUG_INFORMATION_FORMAT = dwarf;
				ENABLE_STRICT_OBJC_MSGSEND = YES;
				ENABLE_TESTABILITY = YES;
				ENABLE_USER_SCRIPT_SANDBOXING = YES;
				GCC_C_LANGUAGE_STANDARD = gnu17;
				GCC_DYNAMIC_NO_PIC = NO;
				GCC_NO_COMMON_BLOCKS = YES;
				GCC_OPTIMIZATION_LEVEL = 0;
				GCC_PREPROCESSOR_DEFINITIONS = (
					"DEBUG=1",
					"$(inherited)",
				);
				GCC_WARN_64_TO_32_BIT_CONVERSION = YES;
				GCC_WARN_ABOUT_RETURN_TYPE = YES_ERROR;
				GCC_WARN_UNDECLARED_SELECTOR = YES;
				GCC_WARN_UNINITIALIZED_AUTOS = YES_AGGRESSIVE;
				GCC_WARN_UNUSED_FUNCTION = YES;
				GCC_WARN_UNUSED_VARIABLE = YES;
				IPHONEOS_DEPLOYMENT_TARGET = 17.2;
				LOCALIZATION_PREFERS_STRING_CATALOGS = YES;
				MTL_ENABLE_DEBUG_INFO = INCLUDE_SOURCE;
				MTL_FAST_MATH = YES;
				ONLY_ACTIVE_ARCH = YES;
				SDKROOT = iphoneos;
				SWIFT_ACTIVE_COMPILATION_CONDITIONS = "DEBUG $(inherited)";
				SWIFT_OPTIMIZATION_LEVEL = "-Onone";
			};
			name = Debug;
		};
		5D4C064C2C6865B200D840FE /* Release */ = {
			isa = XCBuildConfiguration;
			buildSettings = {
				ALWAYS_SEARCH_USER_PATHS = NO;
				ASSETCATALOG_COMPILER_GENERATE_SWIFT_ASSET_SYMBOL_EXTENSIONS = YES;
				CLANG_ANALYZER_NONNULL = YES;
				CLANG_ANALYZER_NUMBER_OBJECT_CONVERSION = YES_AGGRESSIVE;
				CLANG_CXX_LANGUAGE_STANDARD = "gnu++20";
				CLANG_ENABLE_MODULES = YES;
				CLANG_ENABLE_OBJC_ARC = YES;
				CLANG_ENABLE_OBJC_WEAK = YES;
				CLANG_WARN_BLOCK_CAPTURE_AUTORELEASING = YES;
				CLANG_WARN_BOOL_CONVERSION = YES;
				CLANG_WARN_COMMA = YES;
				CLANG_WARN_CONSTANT_CONVERSION = YES;
				CLANG_WARN_DEPRECATED_OBJC_IMPLEMENTATIONS = YES;
				CLANG_WARN_DIRECT_OBJC_ISA_USAGE = YES_ERROR;
				CLANG_WARN_DOCUMENTATION_COMMENTS = YES;
				CLANG_WARN_EMPTY_BODY = YES;
				CLANG_WARN_ENUM_CONVERSION = YES;
				CLANG_WARN_INFINITE_RECURSION = YES;
				CLANG_WARN_INT_CONVERSION = YES;
				CLANG_WARN_NON_LITERAL_NULL_CONVERSION = YES;
				CLANG_WARN_OBJC_IMPLICIT_RETAIN_SELF = YES;
				CLANG_WARN_OBJC_LITERAL_CONVERSION = YES;
				CLANG_WARN_OBJC_ROOT_CLASS = YES_ERROR;
				CLANG_WARN_QUOTED_INCLUDE_IN_FRAMEWORK_HEADER = YES;
				CLANG_WARN_RANGE_LOOP_ANALYSIS = YES;
				CLANG_WARN_STRICT_PROTOTYPES = YES;
				CLANG_WARN_SUSPICIOUS_MOVE = YES;
				CLANG_WARN_UNGUARDED_AVAILABILITY = YES_AGGRESSIVE;
				CLANG_WARN_UNREACHABLE_CODE = YES;
				CLANG_WARN__DUPLICATE_METHOD_MATCH = YES;
				COPY_PHASE_STRIP = NO;
				DEBUG_INFORMATION_FORMAT = "dwarf-with-dsym";
				ENABLE_NS_ASSERTIONS = NO;
				ENABLE_STRICT_OBJC_MSGSEND = YES;
				ENABLE_USER_SCRIPT_SANDBOXING = YES;
				GCC_C_LANGUAGE_STANDARD = gnu17;
				GCC_NO_COMMON_BLOCKS = YES;
				GCC_WARN_64_TO_32_BIT_CONVERSION = YES;
				GCC_WARN_ABOUT_RETURN_TYPE = YES_ERROR;
				GCC_WARN_UNDECLARED_SELECTOR = YES;
				GCC_WARN_UNINITIALIZED_AUTOS = YES_AGGRESSIVE;
				GCC_WARN_UNUSED_FUNCTION = YES;
				GCC_WARN_UNUSED_VARIABLE = YES;
				IPHONEOS_DEPLOYMENT_TARGET = 17.2;
				LOCALIZATION_PREFERS_STRING_CATALOGS = YES;
				MTL_ENABLE_DEBUG_INFO = NO;
				MTL_FAST_MATH = YES;
				SDKROOT = iphoneos;
				SWIFT_COMPILATION_MODE = wholemodule;
				VALIDATE_PRODUCT = YES;
			};
			name = Release;
		};
		5D4C064E2C6865B200D840FE /* Debug */ = {
			isa = XCBuildConfiguration;
			buildSettings = {
				ASSETCATALOG_COMPILER_APPICON_NAME = AppIcon;
				ASSETCATALOG_COMPILER_GLOBAL_ACCENT_COLOR_NAME = AccentColor;
				CODE_SIGN_STYLE = Automatic;
				CURRENT_PROJECT_VERSION = 1;
				GENERATE_INFOPLIST_FILE = YES;
				INFOPLIST_FILE = Final_Project/Info.plist;
				INFOPLIST_KEY_CFBundleDisplayName = "Travel Buddy";
				INFOPLIST_KEY_UIApplicationSupportsIndirectInputEvents = YES;
				INFOPLIST_KEY_UILaunchStoryboardName = LaunchScreen;
				INFOPLIST_KEY_UIMainStoryboardFile = Main;
				INFOPLIST_KEY_UISupportedInterfaceOrientations_iPad = "UIInterfaceOrientationPortrait UIInterfaceOrientationPortraitUpsideDown UIInterfaceOrientationLandscapeLeft UIInterfaceOrientationLandscapeRight";
				INFOPLIST_KEY_UISupportedInterfaceOrientations_iPhone = "UIInterfaceOrientationPortrait UIInterfaceOrientationLandscapeLeft UIInterfaceOrientationLandscapeRight";
				LD_RUNPATH_SEARCH_PATHS = (
					"$(inherited)",
					"@executable_path/Frameworks",
				);
				MARKETING_VERSION = 1.0;
				PRODUCT_BUNDLE_IDENTIFIER = "Assignment.conestoga.Final-Project";
				PRODUCT_NAME = "$(TARGET_NAME)";
				SUPPORTED_PLATFORMS = "iphoneos iphonesimulator";
				SUPPORTS_MACCATALYST = NO;
				SUPPORTS_MAC_DESIGNED_FOR_IPHONE_IPAD = NO;
				SUPPORTS_XR_DESIGNED_FOR_IPHONE_IPAD = NO;
				SWIFT_EMIT_LOC_STRINGS = YES;
				SWIFT_VERSION = 5.0;
				TARGETED_DEVICE_FAMILY = 1;
			};
			name = Debug;
		};
		5D4C064F2C6865B200D840FE /* Release */ = {
			isa = XCBuildConfiguration;
			buildSettings = {
				ASSETCATALOG_COMPILER_APPICON_NAME = AppIcon;
				ASSETCATALOG_COMPILER_GLOBAL_ACCENT_COLOR_NAME = AccentColor;
				CODE_SIGN_STYLE = Automatic;
				CURRENT_PROJECT_VERSION = 1;
				GENERATE_INFOPLIST_FILE = YES;
				INFOPLIST_FILE = Final_Project/Info.plist;
				INFOPLIST_KEY_CFBundleDisplayName = "Travel Buddy";
				INFOPLIST_KEY_UIApplicationSupportsIndirectInputEvents = YES;
				INFOPLIST_KEY_UILaunchStoryboardName = LaunchScreen;
				INFOPLIST_KEY_UIMainStoryboardFile = Main;
				INFOPLIST_KEY_UISupportedInterfaceOrientations_iPad = "UIInterfaceOrientationPortrait UIInterfaceOrientationPortraitUpsideDown UIInterfaceOrientationLandscapeLeft UIInterfaceOrientationLandscapeRight";
				INFOPLIST_KEY_UISupportedInterfaceOrientations_iPhone = "UIInterfaceOrientationPortrait UIInterfaceOrientationLandscapeLeft UIInterfaceOrientationLandscapeRight";
				LD_RUNPATH_SEARCH_PATHS = (
					"$(inherited)",
					"@executable_path/Frameworks",
				);
				MARKETING_VERSION = 1.0;
				PRODUCT_BUNDLE_IDENTIFIER = "Assignment.conestoga.Final-Project";
				PRODUCT_NAME = "$(TARGET_NAME)";
				SUPPORTED_PLATFORMS = "iphoneos iphonesimulator";
				SUPPORTS_MACCATALYST = NO;
				SUPPORTS_MAC_DESIGNED_FOR_IPHONE_IPAD = NO;
				SUPPORTS_XR_DESIGNED_FOR_IPHONE_IPAD = NO;
				SWIFT_EMIT_LOC_STRINGS = YES;
				SWIFT_VERSION = 5.0;
				TARGETED_DEVICE_FAMILY = 1;
			};
			name = Release;
		};
/* End XCBuildConfiguration section */

/* Begin XCConfigurationList section */
		5D4C06342C6865B100D840FE /* Build configuration list for PBXProject "Final_Project" */ = {
			isa = XCConfigurationList;
			buildConfigurations = (
				5D4C064B2C6865B200D840FE /* Debug */,
				5D4C064C2C6865B200D840FE /* Release */,
			);
			defaultConfigurationIsVisible = 0;
			defaultConfigurationName = Release;
		};
		5D4C064D2C6865B200D840FE /* Build configuration list for PBXNativeTarget "Final_Project" */ = {
			isa = XCConfigurationList;
			buildConfigurations = (
				5D4C064E2C6865B200D840FE /* Debug */,
				5D4C064F2C6865B200D840FE /* Release */,
			);
			defaultConfigurationIsVisible = 0;
			defaultConfigurationName = Release;
		};
/* End XCConfigurationList section */

/* Begin XCVersionGroup section */
		5D109A1A2C69412100AD9F3D /* TripDatabase.xcdatamodeld */ = {
			isa = XCVersionGroup;
			children = (
				5D109A1B2C69412100AD9F3D /* TripDatabase.xcdatamodel */,
			);
			currentVersion = 5D109A1B2C69412100AD9F3D /* TripDatabase.xcdatamodel */;
			path = TripDatabase.xcdatamodeld;
			sourceTree = "<group>";
			versionGroupType = wrapper.xcdatamodel;
		};
/* End XCVersionGroup section */
	};
	rootObject = 5D4C06312C6865B100D840FE /* Project object */;
}
